
Microsoft Visual Studio Solution File, Format Version 12.00
# Visual Studio 14
VisualStudioVersion = 14.0.25123.0
MinimumVisualStudioVersion = 10.0.40219.1
Project("{FAE04EC0-301F-11D3-BF4B-00C04F79EFBC}") = "EventBright", "EventBright\EventBright.csproj", "{3D02EF49-6DD2-4DC9-B1D4-6FDDCF3EBDB6}"
EndProject
Project("{2150E333-8FDC-42A3-9474-1A3956D46DE8}") = "Libs", "Libs", "{A8641709-735E-4AF0-883B-3B46F728C01C}"
EndProject
Project("{FAE04EC0-301F-11D3-BF4B-00C04F79EFBC}") = "App.DbAccess", "App.DbAccess\App.DbAccess.csproj", "{80D23773-9D7A-4F70-8EFA-315B0433D0FC}"
EndProject
Project("{FAE04EC0-301F-11D3-BF4B-00C04F79EFBC}") = "App.Domain", "App.Domain\App.Domain.csproj", "{B9A75731-1E62-447C-A7DC-CCB409073019}"
EndProject
Project("{FAE04EC0-301F-11D3-BF4B-00C04F79EFBC}") = "App.DbService", "App.DbService\App.DbService.csproj", "{06480887-CEDD-408E-8B4A-304D659732FA}"
EndProject
Project("{FAE04EC0-301F-11D3-BF4B-00C04F79EFBC}") = "App.UnitTest", "App.UnitTest\App.UnitTest.csproj", "{153F7F8A-B311-411A-AB11-1AD7DF27D23C}"
EndProject
Project("{FAE04EC0-301F-11D3-BF4B-00C04F79EFBC}") = "App.Util", "App.Util\App.Util.csproj", "{432680EF-640F-41E0-9306-EBDF7B30FDCE}"
EndProject
Project("{FAE04EC0-301F-11D3-BF4B-00C04F79EFBC}") = "App.Bo", "App.Bo\App.Bo.csproj", "{17B9D576-7029-467D-A567-5B8B6626725F}"
EndProject
Global
	GlobalSection(SolutionConfigurationPlatforms) = preSolution
		Debug|Any CPU = Debug|Any CPU
		Release|Any CPU = Release|Any CPU
	EndGlobalSection
	GlobalSection(ProjectConfigurationPlatforms) = postSolution
		{3D02EF49-6DD2-4DC9-B1D4-6FDDCF3EBDB6}.Debug|Any CPU.ActiveCfg = Debug|Any CPU
		{3D02EF49-6DD2-4DC9-B1D4-6FDDCF3EBDB6}.Debug|Any CPU.Build.0 = Debug|Any CPU
		{3D02EF49-6DD2-4DC9-B1D4-6FDDCF3EBDB6}.Release|Any CPU.ActiveCfg = Release|Any CPU
		{3D02EF49-6DD2-4DC9-B1D4-6FDDCF3EBDB6}.Release|Any CPU.Build.0 = Release|Any CPU
		{80D23773-9D7A-4F70-8EFA-315B0433D0FC}.Debug|Any CPU.ActiveCfg = Debug|Any CPU
		{80D23773-9D7A-4F70-8EFA-315B0433D0FC}.Debug|Any CPU.Build.0 = Debug|Any CPU
		{80D23773-9D7A-4F70-8EFA-315B0433D0FC}.Release|Any CPU.ActiveCfg = Release|Any CPU
		{80D23773-9D7A-4F70-8EFA-315B0433D0FC}.Release|Any CPU.Build.0 = Release|Any CPU
		{B9A75731-1E62-447C-A7DC-CCB409073019}.Debug|Any CPU.ActiveCfg = Debug|Any CPU
		{B9A75731-1E62-447C-A7DC-CCB409073019}.Debug|Any CPU.Build.0 = Debug|Any CPU
		{B9A75731-1E62-447C-A7DC-CCB409073019}.Release|Any CPU.ActiveCfg = Release|Any CPU
		{B9A75731-1E62-447C-A7DC-CCB409073019}.Release|Any CPU.Build.0 = Release|Any CPU
		{06480887-CEDD-408E-8B4A-304D659732FA}.Debug|Any CPU.ActiveCfg = Debug|Any CPU
		{06480887-CEDD-408E-8B4A-304D659732FA}.Debug|Any CPU.Build.0 = Debug|Any CPU
		{06480887-CEDD-408E-8B4A-304D659732FA}.Release|Any CPU.ActiveCfg = Release|Any CPU
		{06480887-CEDD-408E-8B4A-304D659732FA}.Release|Any CPU.Build.0 = Release|Any CPU
		{153F7F8A-B311-411A-AB11-1AD7DF27D23C}.Debug|Any CPU.ActiveCfg = Debug|Any CPU
		{153F7F8A-B311-411A-AB11-1AD7DF27D23C}.Debug|Any CPU.Build.0 = Debug|Any CPU
		{153F7F8A-B311-411A-AB11-1AD7DF27D23C}.Release|Any CPU.ActiveCfg = Release|Any CPU
		{153F7F8A-B311-411A-AB11-1AD7DF27D23C}.Release|Any CPU.Build.0 = Release|Any CPU
		{432680EF-640F-41E0-9306-EBDF7B30FDCE}.Debug|Any CPU.ActiveCfg = Debug|Any CPU
		{432680EF-640F-41E0-9306-EBDF7B30FDCE}.Debug|Any CPU.Build.0 = Debug|Any CPU
		{432680EF-640F-41E0-9306-EBDF7B30FDCE}.Release|Any CPU.ActiveCfg = Release|Any CPU
		{432680EF-640F-41E0-9306-EBDF7B30FDCE}.Release|Any CPU.Build.0 = Release|Any CPU
		{17B9D576-7029-467D-A567-5B8B6626725F}.Debug|Any CPU.ActiveCfg = Debug|Any CPU
		{17B9D576-7029-467D-A567-5B8B6626725F}.Debug|Any CPU.Build.0 = Debug|Any CPU
		{17B9D576-7029-467D-A567-5B8B6626725F}.Release|Any CPU.ActiveCfg = Release|Any CPU
		{17B9D576-7029-467D-A567-5B8B6626725F}.Release|Any CPU.Build.0 = Release|Any CPU
	EndGlobalSection
	GlobalSection(SolutionProperties) = preSolution
		HideSolutionNode = FALSE
	EndGlobalSection
	GlobalSection(NestedProjects) = preSolution
		{80D23773-9D7A-4F70-8EFA-315B0433D0FC} = {A8641709-735E-4AF0-883B-3B46F728C01C}
		{B9A75731-1E62-447C-A7DC-CCB409073019} = {A8641709-735E-4AF0-883B-3B46F728C01C}
		{06480887-CEDD-408E-8B4A-304D659732FA} = {A8641709-735E-4AF0-883B-3B46F728C01C}
		{153F7F8A-B311-411A-AB11-1AD7DF27D23C} = {A8641709-735E-4AF0-883B-3B46F728C01C}
		{432680EF-640F-41E0-9306-EBDF7B30FDCE} = {A8641709-735E-4AF0-883B-3B46F728C01C}
		{17B9D576-7029-467D-A567-5B8B6626725F} = {A8641709-735E-4AF0-883B-3B46F728C01C}
	EndGlobalSection
EndGlobal
