
Microsoft Visual Studio Solution File, Format Version 12.00
# Visual Studio 14
VisualStudioVersion = 14.0.25123.0
MinimumVisualStudioVersion = 10.0.40219.1
Project("{FAE04EC0-301F-11D3-BF4B-00C04F79EFBC}") = "PROJECT_INFASTUCTURE", "PROJECT_INFASTUCTURE\PROJECT_INFASTUCTURE.csproj", "{3ABE30DD-D626-46E8-93A1-780AD9A4338C}"
EndProject
Project("{2150E333-8FDC-42A3-9474-1A3956D46DE8}") = "Lib", "Lib", "{AB30FFC5-B902-4E1C-9D42-813CE881FA9D}"
EndProject
Project("{FAE04EC0-301F-11D3-BF4B-00C04F79EFBC}") = "App.DbAccess", "App.DbAccess\App.DbAccess.csproj", "{14A7A8F1-98BF-4828-8FEC-F8D9F499D264}"
EndProject
Project("{FAE04EC0-301F-11D3-BF4B-00C04F79EFBC}") = "App.Domain", "App.Domain\App.Domain.csproj", "{B41E7C73-AF87-4B70-8728-49086093A81D}"
EndProject
Project("{FAE04EC0-301F-11D3-BF4B-00C04F79EFBC}") = "App.Bo", "App.Bo\App.Bo.csproj", "{890E24CE-435C-4D7D-9A64-F595438D7FF6}"
EndProject
Project("{FAE04EC0-301F-11D3-BF4B-00C04F79EFBC}") = "App.Util", "App.Util\App.Util.csproj", "{12796B9F-144F-4EC0-B9D4-C64AC40194CB}"
EndProject
Project("{FAE04EC0-301F-11D3-BF4B-00C04F79EFBC}") = "App.Automation", "App.Automation\App.Automation.csproj", "{09F48498-DCA8-4787-91C8-1EA83BAA1BA0}"
EndProject
Project("{FAE04EC0-301F-11D3-BF4B-00C04F79EFBC}") = "App.UnitTest", "App.UnitTest\App.UnitTest.csproj", "{DD661D07-EC96-4E44-B348-E8CB77022CFE}"
EndProject
Project("{FAE04EC0-301F-11D3-BF4B-00C04F79EFBC}") = "App.DbService", "App.DbService\App.DbService.csproj", "{D8069854-BCBE-46C4-9F52-03EB6C6A06FF}"
EndProject
Global
	GlobalSection(SolutionConfigurationPlatforms) = preSolution
		Debug|Any CPU = Debug|Any CPU
		Release|Any CPU = Release|Any CPU
	EndGlobalSection
	GlobalSection(ProjectConfigurationPlatforms) = postSolution
		{3ABE30DD-D626-46E8-93A1-780AD9A4338C}.Debug|Any CPU.ActiveCfg = Debug|Any CPU
		{3ABE30DD-D626-46E8-93A1-780AD9A4338C}.Debug|Any CPU.Build.0 = Debug|Any CPU
		{3ABE30DD-D626-46E8-93A1-780AD9A4338C}.Release|Any CPU.ActiveCfg = Release|Any CPU
		{3ABE30DD-D626-46E8-93A1-780AD9A4338C}.Release|Any CPU.Build.0 = Release|Any CPU
		{14A7A8F1-98BF-4828-8FEC-F8D9F499D264}.Debug|Any CPU.ActiveCfg = Debug|Any CPU
		{14A7A8F1-98BF-4828-8FEC-F8D9F499D264}.Debug|Any CPU.Build.0 = Debug|Any CPU
		{14A7A8F1-98BF-4828-8FEC-F8D9F499D264}.Release|Any CPU.ActiveCfg = Release|Any CPU
		{14A7A8F1-98BF-4828-8FEC-F8D9F499D264}.Release|Any CPU.Build.0 = Release|Any CPU
		{B41E7C73-AF87-4B70-8728-49086093A81D}.Debug|Any CPU.ActiveCfg = Debug|Any CPU
		{B41E7C73-AF87-4B70-8728-49086093A81D}.Debug|Any CPU.Build.0 = Debug|Any CPU
		{B41E7C73-AF87-4B70-8728-49086093A81D}.Release|Any CPU.ActiveCfg = Release|Any CPU
		{B41E7C73-AF87-4B70-8728-49086093A81D}.Release|Any CPU.Build.0 = Release|Any CPU
		{890E24CE-435C-4D7D-9A64-F595438D7FF6}.Debug|Any CPU.ActiveCfg = Debug|Any CPU
		{890E24CE-435C-4D7D-9A64-F595438D7FF6}.Debug|Any CPU.Build.0 = Debug|Any CPU
		{890E24CE-435C-4D7D-9A64-F595438D7FF6}.Release|Any CPU.ActiveCfg = Release|Any CPU
		{890E24CE-435C-4D7D-9A64-F595438D7FF6}.Release|Any CPU.Build.0 = Release|Any CPU
		{12796B9F-144F-4EC0-B9D4-C64AC40194CB}.Debug|Any CPU.ActiveCfg = Debug|Any CPU
		{12796B9F-144F-4EC0-B9D4-C64AC40194CB}.Debug|Any CPU.Build.0 = Debug|Any CPU
		{12796B9F-144F-4EC0-B9D4-C64AC40194CB}.Release|Any CPU.ActiveCfg = Release|Any CPU
		{12796B9F-144F-4EC0-B9D4-C64AC40194CB}.Release|Any CPU.Build.0 = Release|Any CPU
		{09F48498-DCA8-4787-91C8-1EA83BAA1BA0}.Debug|Any CPU.ActiveCfg = Debug|Any CPU
		{09F48498-DCA8-4787-91C8-1EA83BAA1BA0}.Debug|Any CPU.Build.0 = Debug|Any CPU
		{09F48498-DCA8-4787-91C8-1EA83BAA1BA0}.Release|Any CPU.ActiveCfg = Release|Any CPU
		{09F48498-DCA8-4787-91C8-1EA83BAA1BA0}.Release|Any CPU.Build.0 = Release|Any CPU
		{DD661D07-EC96-4E44-B348-E8CB77022CFE}.Debug|Any CPU.ActiveCfg = Debug|Any CPU
		{DD661D07-EC96-4E44-B348-E8CB77022CFE}.Debug|Any CPU.Build.0 = Debug|Any CPU
		{DD661D07-EC96-4E44-B348-E8CB77022CFE}.Release|Any CPU.ActiveCfg = Release|Any CPU
		{DD661D07-EC96-4E44-B348-E8CB77022CFE}.Release|Any CPU.Build.0 = Release|Any CPU
		{D8069854-BCBE-46C4-9F52-03EB6C6A06FF}.Debug|Any CPU.ActiveCfg = Debug|Any CPU
		{D8069854-BCBE-46C4-9F52-03EB6C6A06FF}.Debug|Any CPU.Build.0 = Debug|Any CPU
		{D8069854-BCBE-46C4-9F52-03EB6C6A06FF}.Release|Any CPU.ActiveCfg = Release|Any CPU
		{D8069854-BCBE-46C4-9F52-03EB6C6A06FF}.Release|Any CPU.Build.0 = Release|Any CPU
	EndGlobalSection
	GlobalSection(SolutionProperties) = preSolution
		HideSolutionNode = FALSE
	EndGlobalSection
	GlobalSection(NestedProjects) = preSolution
		{14A7A8F1-98BF-4828-8FEC-F8D9F499D264} = {AB30FFC5-B902-4E1C-9D42-813CE881FA9D}
		{B41E7C73-AF87-4B70-8728-49086093A81D} = {AB30FFC5-B902-4E1C-9D42-813CE881FA9D}
		{890E24CE-435C-4D7D-9A64-F595438D7FF6} = {AB30FFC5-B902-4E1C-9D42-813CE881FA9D}
		{12796B9F-144F-4EC0-B9D4-C64AC40194CB} = {AB30FFC5-B902-4E1C-9D42-813CE881FA9D}
		{09F48498-DCA8-4787-91C8-1EA83BAA1BA0} = {AB30FFC5-B902-4E1C-9D42-813CE881FA9D}
		{DD661D07-EC96-4E44-B348-E8CB77022CFE} = {AB30FFC5-B902-4E1C-9D42-813CE881FA9D}
		{D8069854-BCBE-46C4-9F52-03EB6C6A06FF} = {AB30FFC5-B902-4E1C-9D42-813CE881FA9D}
	EndGlobalSection
EndGlobal
