
Microsoft Visual Studio Solution File, Format Version 12.00
# Visual Studio 14
VisualStudioVersion = 14.0.25123.0
MinimumVisualStudioVersion = 10.0.40219.1
Project("{FAE04EC0-301F-11D3-BF4B-00C04F79EFBC}") = "TM", "..\..\TM\TM\TM.csproj", "{27D510CC-4516-4231-8129-C3AFC330B8CD}"
EndProject
Project("{FAE04EC0-301F-11D3-BF4B-00C04F79EFBC}") = "App.DbService", "..\..\TM\App.DbService\App.DbService.csproj", "{F569B028-7F25-4B10-A73C-94F9A31645DC}"
EndProject
Project("{FAE04EC0-301F-11D3-BF4B-00C04F79EFBC}") = "App.DbAccess", "..\..\TM\App.DbAccess\App.DbAccess.csproj", "{1C05D0D5-57DB-4B9F-8CBD-F79BE9A088D1}"
EndProject
Project("{FAE04EC0-301F-11D3-BF4B-00C04F79EFBC}") = "App.Domains", "..\..\TM\App.Domains\App.Domains.csproj", "{E90F8197-AA9D-4E1C-8F36-02A6FDDF2E1C}"
EndProject
Project("{FAE04EC0-301F-11D3-BF4B-00C04F79EFBC}") = "App.Api.Tm", "..\..\TM\App.Api.Tm\App.Api.Tm.csproj", "{FE4E51C3-7E78-42A0-84E1-301BD5E97617}"
EndProject
Global
	GlobalSection(SolutionConfigurationPlatforms) = preSolution
		Debug|Any CPU = Debug|Any CPU
		Release|Any CPU = Release|Any CPU
	EndGlobalSection
	GlobalSection(ProjectConfigurationPlatforms) = postSolution
		{27D510CC-4516-4231-8129-C3AFC330B8CD}.Debug|Any CPU.ActiveCfg = Debug|Any CPU
		{27D510CC-4516-4231-8129-C3AFC330B8CD}.Debug|Any CPU.Build.0 = Debug|Any CPU
		{27D510CC-4516-4231-8129-C3AFC330B8CD}.Release|Any CPU.ActiveCfg = Release|Any CPU
		{27D510CC-4516-4231-8129-C3AFC330B8CD}.Release|Any CPU.Build.0 = Release|Any CPU
		{F569B028-7F25-4B10-A73C-94F9A31645DC}.Debug|Any CPU.ActiveCfg = Debug|Any CPU
		{F569B028-7F25-4B10-A73C-94F9A31645DC}.Debug|Any CPU.Build.0 = Debug|Any CPU
		{F569B028-7F25-4B10-A73C-94F9A31645DC}.Release|Any CPU.ActiveCfg = Release|Any CPU
		{F569B028-7F25-4B10-A73C-94F9A31645DC}.Release|Any CPU.Build.0 = Release|Any CPU
		{1C05D0D5-57DB-4B9F-8CBD-F79BE9A088D1}.Debug|Any CPU.ActiveCfg = Debug|Any CPU
		{1C05D0D5-57DB-4B9F-8CBD-F79BE9A088D1}.Debug|Any CPU.Build.0 = Debug|Any CPU
		{1C05D0D5-57DB-4B9F-8CBD-F79BE9A088D1}.Release|Any CPU.ActiveCfg = Release|Any CPU
		{1C05D0D5-57DB-4B9F-8CBD-F79BE9A088D1}.Release|Any CPU.Build.0 = Release|Any CPU
		{E90F8197-AA9D-4E1C-8F36-02A6FDDF2E1C}.Debug|Any CPU.ActiveCfg = Debug|Any CPU
		{E90F8197-AA9D-4E1C-8F36-02A6FDDF2E1C}.Debug|Any CPU.Build.0 = Debug|Any CPU
		{E90F8197-AA9D-4E1C-8F36-02A6FDDF2E1C}.Release|Any CPU.ActiveCfg = Release|Any CPU
		{E90F8197-AA9D-4E1C-8F36-02A6FDDF2E1C}.Release|Any CPU.Build.0 = Release|Any CPU
		{FE4E51C3-7E78-42A0-84E1-301BD5E97617}.Debug|Any CPU.ActiveCfg = Debug|Any CPU
		{FE4E51C3-7E78-42A0-84E1-301BD5E97617}.Debug|Any CPU.Build.0 = Debug|Any CPU
		{FE4E51C3-7E78-42A0-84E1-301BD5E97617}.Release|Any CPU.ActiveCfg = Release|Any CPU
		{FE4E51C3-7E78-42A0-84E1-301BD5E97617}.Release|Any CPU.Build.0 = Release|Any CPU
	EndGlobalSection
	GlobalSection(SolutionProperties) = preSolution
		HideSolutionNode = FALSE
	EndGlobalSection
EndGlobal
